// !$*UTF8*$!
{
	archiveVersion = 1;
	classes = {
	};
	objectVersion = 50;
	objects = {

/* Begin PBXBuildFile section */
		3166D3630F8AADE412BA6986 /* Pods_Heritage.framework in Frameworks */ = {isa = PBXBuildFile; fileRef = 2031F3C5CD6949B7F6A0A51D /* Pods_Heritage.framework */; };
		C2DDB61F2304436900601FDB /* AppDelegate.swift in Sources */ = {isa = PBXBuildFile; fileRef = C2DDB61E2304436900601FDB /* AppDelegate.swift */; };
		C2DDB6242304436900601FDB /* Main.storyboard in Resources */ = {isa = PBXBuildFile; fileRef = C2DDB6222304436900601FDB /* Main.storyboard */; };
		C2DDB6262304436A00601FDB /* Assets.xcassets in Resources */ = {isa = PBXBuildFile; fileRef = C2DDB6252304436A00601FDB /* Assets.xcassets */; };
		C2DDB6292304436A00601FDB /* LaunchScreen.storyboard in Resources */ = {isa = PBXBuildFile; fileRef = C2DDB6272304436A00601FDB /* LaunchScreen.storyboard */; };
		C2DDB6312304438300601FDB /* CategoryTableViewController.swift in Sources */ = {isa = PBXBuildFile; fileRef = C2DDB6302304438300601FDB /* CategoryTableViewController.swift */; };
		C2DDB6332304439100601FDB /* QuestionListViewController.swift in Sources */ = {isa = PBXBuildFile; fileRef = C2DDB6322304439100601FDB /* QuestionListViewController.swift */; };
		C2DDB6372304542600601FDB /* InputViewController.swift in Sources */ = {isa = PBXBuildFile; fileRef = C2DDB6362304542600601FDB /* InputViewController.swift */; };
		C2DDB6392304649B00601FDB /* Service.swift in Sources */ = {isa = PBXBuildFile; fileRef = C2DDB6382304649B00601FDB /* Service.swift */; };
		C2DDB63B23047B1500601FDB /* CategoryData.swift in Sources */ = {isa = PBXBuildFile; fileRef = C2DDB63A23047B1500601FDB /* CategoryData.swift */; };
/* End PBXBuildFile section */

/* Begin PBXFileReference section */
		2031F3C5CD6949B7F6A0A51D /* Pods_Heritage.framework */ = {isa = PBXFileReference; explicitFileType = wrapper.framework; includeInIndex = 0; path = Pods_Heritage.framework; sourceTree = BUILT_PRODUCTS_DIR; };
		45713B42A530834082A0D666 /* Pods-Heritage.debug.xcconfig */ = {isa = PBXFileReference; includeInIndex = 1; lastKnownFileType = text.xcconfig; name = "Pods-Heritage.debug.xcconfig"; path = "Target Support Files/Pods-Heritage/Pods-Heritage.debug.xcconfig"; sourceTree = "<group>"; };
		9C7D2D8D39833A3D71593794 /* Pods-Heritage.release.xcconfig */ = {isa = PBXFileReference; includeInIndex = 1; lastKnownFileType = text.xcconfig; name = "Pods-Heritage.release.xcconfig"; path = "Target Support Files/Pods-Heritage/Pods-Heritage.release.xcconfig"; sourceTree = "<group>"; };
		C2DDB61B2304436900601FDB /* Heritage.app */ = {isa = PBXFileReference; explicitFileType = wrapper.application; includeInIndex = 0; path = Heritage.app; sourceTree = BUILT_PRODUCTS_DIR; };
		C2DDB61E2304436900601FDB /* AppDelegate.swift */ = {isa = PBXFileReference; lastKnownFileType = sourcecode.swift; path = AppDelegate.swift; sourceTree = "<group>"; };
		C2DDB6232304436900601FDB /* Base */ = {isa = PBXFileReference; lastKnownFileType = file.storyboard; name = Base; path = Base.lproj/Main.storyboard; sourceTree = "<group>"; };
		C2DDB6252304436A00601FDB /* Assets.xcassets */ = {isa = PBXFileReference; lastKnownFileType = folder.assetcatalog; path = Assets.xcassets; sourceTree = "<group>"; };
		C2DDB6282304436A00601FDB /* Base */ = {isa = PBXFileReference; lastKnownFileType = file.storyboard; name = Base; path = Base.lproj/LaunchScreen.storyboard; sourceTree = "<group>"; };
		C2DDB62A2304436A00601FDB /* Info.plist */ = {isa = PBXFileReference; lastKnownFileType = text.plist.xml; path = Info.plist; sourceTree = "<group>"; };
		C2DDB6302304438300601FDB /* CategoryTableViewController.swift */ = {isa = PBXFileReference; lastKnownFileType = sourcecode.swift; path = CategoryTableViewController.swift; sourceTree = "<group>"; };
		C2DDB6322304439100601FDB /* QuestionListViewController.swift */ = {isa = PBXFileReference; lastKnownFileType = sourcecode.swift; path = QuestionListViewController.swift; sourceTree = "<group>"; };
		C2DDB6362304542600601FDB /* InputViewController.swift */ = {isa = PBXFileReference; lastKnownFileType = sourcecode.swift; path = InputViewController.swift; sourceTree = "<group>"; };
		C2DDB6382304649B00601FDB /* Service.swift */ = {isa = PBXFileReference; lastKnownFileType = sourcecode.swift; path = Service.swift; sourceTree = "<group>"; };
		C2DDB63A23047B1500601FDB /* CategoryData.swift */ = {isa = PBXFileReference; lastKnownFileType = sourcecode.swift; path = CategoryData.swift; sourceTree = "<group>"; };
/* End PBXFileReference section */

/* Begin PBXFrameworksBuildPhase section */
		C2DDB6182304436900601FDB /* Frameworks */ = {
			isa = PBXFrameworksBuildPhase;
			buildActionMask = 2147483647;
			files = (
				3166D3630F8AADE412BA6986 /* Pods_Heritage.framework in Frameworks */,
			);
			runOnlyForDeploymentPostprocessing = 0;
		};
/* End PBXFrameworksBuildPhase section */

/* Begin PBXGroup section */
		1D72FA74C32DA83E5657B4B0 /* Frameworks */ = {
			isa = PBXGroup;
			children = (
				2031F3C5CD6949B7F6A0A51D /* Pods_Heritage.framework */,
			);
			name = Frameworks;
			sourceTree = "<group>";
		};
		C2DDB6122304436900601FDB = {
			isa = PBXGroup;
			children = (
				C2DDB61D2304436900601FDB /* Heritage */,
				C2DDB61C2304436900601FDB /* Products */,
				F9C7EDD67D696B27A7F08778 /* Pods */,
				1D72FA74C32DA83E5657B4B0 /* Frameworks */,
			);
			sourceTree = "<group>";
		};
		C2DDB61C2304436900601FDB /* Products */ = {
			isa = PBXGroup;
			children = (
				C2DDB61B2304436900601FDB /* Heritage.app */,
			);
			name = Products;
			sourceTree = "<group>";
		};
		C2DDB61D2304436900601FDB /* Heritage */ = {
			isa = PBXGroup;
			children = (
				C2DDB61E2304436900601FDB /* AppDelegate.swift */,
				C2DDB6222304436900601FDB /* Main.storyboard */,
				C2DDB63E2304FF6D00601FDB /* ViewControllers */,
				C2DDB6382304649B00601FDB /* Service.swift */,
				C2DDB63A23047B1500601FDB /* CategoryData.swift */,
				C2DDB6252304436A00601FDB /* Assets.xcassets */,
				C2DDB6272304436A00601FDB /* LaunchScreen.storyboard */,
				C2DDB62A2304436A00601FDB /* Info.plist */,
			);
			path = Heritage;
			sourceTree = "<group>";
		};
		C2DDB63E2304FF6D00601FDB /* ViewControllers */ = {
			isa = PBXGroup;
			children = (
				C2DDB6302304438300601FDB /* CategoryTableViewController.swift */,
				C2DDB6322304439100601FDB /* QuestionListViewController.swift */,
				C2DDB6362304542600601FDB /* InputViewController.swift */,
			);
			path = ViewControllers;
			sourceTree = "<group>";
		};
		F9C7EDD67D696B27A7F08778 /* Pods */ = {
			isa = PBXGroup;
			children = (
				45713B42A530834082A0D666 /* Pods-Heritage.debug.xcconfig */,
				9C7D2D8D39833A3D71593794 /* Pods-Heritage.release.xcconfig */,
			);
			path = Pods;
			sourceTree = "<group>";
		};
/* End PBXGroup section */

/* Begin PBXNativeTarget section */
		C2DDB61A2304436900601FDB /* Heritage */ = {
			isa = PBXNativeTarget;
			buildConfigurationList = C2DDB62D2304436A00601FDB /* Build configuration list for PBXNativeTarget "Heritage" */;
			buildPhases = (
				3041F95F03D3468DBDA8B2C2 /* [CP] Check Pods Manifest.lock */,
				C2DDB6172304436900601FDB /* Sources */,
				C2DDB6182304436900601FDB /* Frameworks */,
				C2DDB6192304436900601FDB /* Resources */,
				85FC3FBA409A7B84211D1003 /* [CP] Embed Pods Frameworks */,
			);
			buildRules = (
			);
			dependencies = (
			);
			name = Heritage;
			productName = Heritage;
			productReference = C2DDB61B2304436900601FDB /* Heritage.app */;
			productType = "com.apple.product-type.application";
		};
/* End PBXNativeTarget section */

/* Begin PBXProject section */
		C2DDB6132304436900601FDB /* Project object */ = {
			isa = PBXProject;
			attributes = {
				LastSwiftUpdateCheck = 1020;
				LastUpgradeCheck = 1020;
				ORGANIZATIONNAME = allwhite;
				TargetAttributes = {
					C2DDB61A2304436900601FDB = {
						CreatedOnToolsVersion = 10.2.1;
					};
				};
			};
			buildConfigurationList = C2DDB6162304436900601FDB /* Build configuration list for PBXProject "Heritage" */;
			compatibilityVersion = "Xcode 9.3";
			developmentRegion = en;
			hasScannedForEncodings = 0;
			knownRegions = (
				en,
				Base,
			);
			mainGroup = C2DDB6122304436900601FDB;
			productRefGroup = C2DDB61C2304436900601FDB /* Products */;
			projectDirPath = "";
			projectRoot = "";
			targets = (
				C2DDB61A2304436900601FDB /* Heritage */,
			);
		};
/* End PBXProject section */

/* Begin PBXResourcesBuildPhase section */
		C2DDB6192304436900601FDB /* Resources */ = {
			isa = PBXResourcesBuildPhase;
			buildActionMask = 2147483647;
			files = (
				C2DDB6292304436A00601FDB /* LaunchScreen.storyboard in Resources */,
				C2DDB6262304436A00601FDB /* Assets.xcassets in Resources */,
				C2DDB6242304436900601FDB /* Main.storyboard in Resources */,
			);
			runOnlyForDeploymentPostprocessing = 0;
		};
/* End PBXResourcesBuildPhase section */

/* Begin PBXShellScriptBuildPhase section */
		3041F95F03D3468DBDA8B2C2 /* [CP] Check Pods Manifest.lock */ = {
			isa = PBXShellScriptBuildPhase;
			buildActionMask = 2147483647;
			files = (
			);
			inputFileListPaths = (
			);
			inputPaths = (
				"${PODS_PODFILE_DIR_PATH}/Podfile.lock",
				"${PODS_ROOT}/Manifest.lock",
			);
			name = "[CP] Check Pods Manifest.lock";
			outputFileListPaths = (
			);
			outputPaths = (
				"$(DERIVED_FILE_DIR)/Pods-Heritage-checkManifestLockResult.txt",
			);
			runOnlyForDeploymentPostprocessing = 0;
			shellPath = /bin/sh;
			shellScript = "diff \"${PODS_PODFILE_DIR_PATH}/Podfile.lock\" \"${PODS_ROOT}/Manifest.lock\" > /dev/null\nif [ $? != 0 ] ; then\n    # print error to STDERR\n    echo \"error: The sandbox is not in sync with the Podfile.lock. Run 'pod install' or update your CocoaPods installation.\" >&2\n    exit 1\nfi\n# This output is used by Xcode 'outputs' to avoid re-running this script phase.\necho \"SUCCESS\" > \"${SCRIPT_OUTPUT_FILE_0}\"\n";
			showEnvVarsInLog = 0;
		};
		85FC3FBA409A7B84211D1003 /* [CP] Embed Pods Frameworks */ = {
			isa = PBXShellScriptBuildPhase;
			buildActionMask = 2147483647;
			files = (
			);
			inputFileListPaths = (
			);
			inputPaths = (
				"${PODS_ROOT}/Target Support Files/Pods-Heritage/Pods-Heritage-frameworks.sh",
				"${BUILT_PRODUCTS_DIR}/Floaty/Floaty.framework",
			);
			name = "[CP] Embed Pods Frameworks";
			outputFileListPaths = (
			);
			outputPaths = (
				"${TARGET_BUILD_DIR}/${FRAMEWORKS_FOLDER_PATH}/Floaty.framework",
			);
			runOnlyForDeploymentPostprocessing = 0;
			shellPath = /bin/sh;
			shellScript = "\"${PODS_ROOT}/Target Support Files/Pods-Heritage/Pods-Heritage-frameworks.sh\"\n";
			showEnvVarsInLog = 0;
		};
/* End PBXShellScriptBuildPhase section */

/* Begin PBXSourcesBuildPhase section */
		C2DDB6172304436900601FDB /* Sources */ = {
			isa = PBXSourcesBuildPhase;
			buildActionMask = 2147483647;
			files = (
				C2DDB63B23047B1500601FDB /* CategoryData.swift in Sources */,
				C2DDB6312304438300601FDB /* CategoryTableViewController.swift in Sources */,
				C2DDB6372304542600601FDB /* InputViewController.swift in Sources */,
				C2DDB6332304439100601FDB /* QuestionListViewController.swift in Sources */,
				C2DDB61F2304436900601FDB /* AppDelegate.swift in Sources */,
				C2DDB6392304649B00601FDB /* Service.swift in Sources */,
			);
			runOnlyForDeploymentPostprocessing = 0;
		};
/* End PBXSourcesBuildPhase section */

/* Begin PBXVariantGroup section */
		C2DDB6222304436900601FDB /* Main.storyboard */ = {
			isa = PBXVariantGroup;
			children = (
				C2DDB6232304436900601FDB /* Base */,
			);
			name = Main.storyboard;
			sourceTree = "<group>";
		};
		C2DDB6272304436A00601FDB /* LaunchScreen.storyboard */ = {
			isa = PBXVariantGroup;
			children = (
				C2DDB6282304436A00601FDB /* Base */,
			);
			name = LaunchScreen.storyboard;
			sourceTree = "<group>";
		};
/* End PBXVariantGroup section */

/* Begin XCBuildConfiguration section */
		C2DDB62B2304436A00601FDB /* Debug */ = {
			isa = XCBuildConfiguration;
			buildSettings = {
				ALWAYS_SEARCH_USER_PATHS = NO;
				CLANG_ANALYZER_NONNULL = YES;
				CLANG_ANALYZER_NUMBER_OBJECT_CONVERSION = YES_AGGRESSIVE;
				CLANG_CXX_LANGUAGE_STANDARD = "gnu++14";
				CLANG_CXX_LIBRARY = "libc++";
				CLANG_ENABLE_MODULES = YES;
				CLANG_ENABLE_OBJC_ARC = YES;
				CLANG_ENABLE_OBJC_WEAK = YES;
				CLANG_WARN_BLOCK_CAPTURE_AUTORELEASING = YES;
				CLANG_WARN_BOOL_CONVERSION = YES;
				CLANG_WARN_COMMA = YES;
				CLANG_WARN_CONSTANT_CONVERSION = YES;
				CLANG_WARN_DEPRECATED_OBJC_IMPLEMENTATIONS = YES;
				CLANG_WARN_DIRECT_OBJC_ISA_USAGE = YES_ERROR;
				CLANG_WARN_DOCUMENTATION_COMMENTS = YES;
				CLANG_WARN_EMPTY_BODY = YES;
				CLANG_WARN_ENUM_CONVERSION = YES;
				CLANG_WARN_INFINITE_RECURSION = YES;
				CLANG_WARN_INT_CONVERSION = YES;
				CLANG_WARN_NON_LITERAL_NULL_CONVERSION = YES;
				CLANG_WARN_OBJC_IMPLICIT_RETAIN_SELF = YES;
				CLANG_WARN_OBJC_LITERAL_CONVERSION = YES;
				CLANG_WARN_OBJC_ROOT_CLASS = YES_ERROR;
				CLANG_WARN_RANGE_LOOP_ANALYSIS = YES;
				CLANG_WARN_STRICT_PROTOTYPES = YES;
				CLANG_WARN_SUSPICIOUS_MOVE = YES;
				CLANG_WARN_UNGUARDED_AVAILABILITY = YES_AGGRESSIVE;
				CLANG_WARN_UNREACHABLE_CODE = YES;
				CLANG_WARN__DUPLICATE_METHOD_MATCH = YES;
				CODE_SIGN_IDENTITY = "iPhone Developer";
				COPY_PHASE_STRIP = NO;
				DEBUG_INFORMATION_FORMAT = dwarf;
				ENABLE_STRICT_OBJC_MSGSEND = YES;
				ENABLE_TESTABILITY = YES;
				GCC_C_LANGUAGE_STANDARD = gnu11;
				GCC_DYNAMIC_NO_PIC = NO;
				GCC_NO_COMMON_BLOCKS = YES;
				GCC_OPTIMIZATION_LEVEL = 0;
				GCC_PREPROCESSOR_DEFINITIONS = (
					"DEBUG=1",
					"$(inherited)",
				);
				GCC_WARN_64_TO_32_BIT_CONVERSION = YES;
				GCC_WARN_ABOUT_RETURN_TYPE = YES_ERROR;
				GCC_WARN_UNDECLARED_SELECTOR = YES;
				GCC_WARN_UNINITIALIZED_AUTOS = YES_AGGRESSIVE;
				GCC_WARN_UNUSED_FUNCTION = YES;
				GCC_WARN_UNUSED_VARIABLE = YES;
				IPHONEOS_DEPLOYMENT_TARGET = 12.2;
				MTL_ENABLE_DEBUG_INFO = INCLUDE_SOURCE;
				MTL_FAST_MATH = YES;
				ONLY_ACTIVE_ARCH = YES;
				SDKROOT = iphoneos;
				SWIFT_ACTIVE_COMPILATION_CONDITIONS = DEBUG;
				SWIFT_OPTIMIZATION_LEVEL = "-Onone";
			};
			name = Debug;
		};
		C2DDB62C2304436A00601FDB /* Release */ = {
			isa = XCBuildConfiguration;
			buildSettings = {
				ALWAYS_SEARCH_USER_PATHS = NO;
				CLANG_ANALYZER_NONNULL = YES;
				CLANG_ANALYZER_NUMBER_OBJECT_CONVERSION = YES_AGGRESSIVE;
				CLANG_CXX_LANGUAGE_STANDARD = "gnu++14";
				CLANG_CXX_LIBRARY = "libc++";
				CLANG_ENABLE_MODULES = YES;
				CLANG_ENABLE_OBJC_ARC = YES;
				CLANG_ENABLE_OBJC_WEAK = YES;
				CLANG_WARN_BLOCK_CAPTURE_AUTORELEASING = YES;
				CLANG_WARN_BOOL_CONVERSION = YES;
				CLANG_WARN_COMMA = YES;
				CLANG_WARN_CONSTANT_CONVERSION = YES;
				CLANG_WARN_DEPRECATED_OBJC_IMPLEMENTATIONS = YES;
				CLANG_WARN_DIRECT_OBJC_ISA_USAGE = YES_ERROR;
				CLANG_WARN_DOCUMENTATION_COMMENTS = YES;
				CLANG_WARN_EMPTY_BODY = YES;
				CLANG_WARN_ENUM_CONVERSION = YES;
				CLANG_WARN_INFINITE_RECURSION = YES;
				CLANG_WARN_INT_CONVERSION = YES;
				CLANG_WARN_NON_LITERAL_NULL_CONVERSION = YES;
				CLANG_WARN_OBJC_IMPLICIT_RETAIN_SELF = YES;
				CLANG_WARN_OBJC_LITERAL_CONVERSION = YES;
				CLANG_WARN_OBJC_ROOT_CLASS = YES_ERROR;
				CLANG_WARN_RANGE_LOOP_ANALYSIS = YES;
				CLANG_WARN_STRICT_PROTOTYPES = YES;
				CLANG_WARN_SUSPICIOUS_MOVE = YES;
				CLANG_WARN_UNGUARDED_AVAILABILITY = YES_AGGRESSIVE;
				CLANG_WARN_UNREACHABLE_CODE = YES;
				CLANG_WARN__DUPLICATE_METHOD_MATCH = YES;
				CODE_SIGN_IDENTITY = "iPhone Developer";
				COPY_PHASE_STRIP = NO;
				DEBUG_INFORMATION_FORMAT = "dwarf-with-dsym";
				ENABLE_NS_ASSERTIONS = NO;
				ENABLE_STRICT_OBJC_MSGSEND = YES;
				GCC_C_LANGUAGE_STANDARD = gnu11;
				GCC_NO_COMMON_BLOCKS = YES;
				GCC_WARN_64_TO_32_BIT_CONVERSION = YES;
				GCC_WARN_ABOUT_RETURN_TYPE = YES_ERROR;
				GCC_WARN_UNDECLARED_SELECTOR = YES;
				GCC_WARN_UNINITIALIZED_AUTOS = YES_AGGRESSIVE;
				GCC_WARN_UNUSED_FUNCTION = YES;
				GCC_WARN_UNUSED_VARIABLE = YES;
				IPHONEOS_DEPLOYMENT_TARGET = 12.2;
				MTL_ENABLE_DEBUG_INFO = NO;
				MTL_FAST_MATH = YES;
				SDKROOT = iphoneos;
				SWIFT_COMPILATION_MODE = wholemodule;
				SWIFT_OPTIMIZATION_LEVEL = "-O";
				VALIDATE_PRODUCT = YES;
			};
			name = Release;
		};
		C2DDB62E2304436A00601FDB /* Debug */ = {
			isa = XCBuildConfiguration;
			baseConfigurationReference = 45713B42A530834082A0D666 /* Pods-Heritage.debug.xcconfig */;
			buildSettings = {
				ASSETCATALOG_COMPILER_APPICON_NAME = AppIcon;
				CODE_SIGN_STYLE = Automatic;
				INFOPLIST_FILE = Heritage/Info.plist;
				LD_RUNPATH_SEARCH_PATHS = (
					"$(inherited)",
					"@executable_path/Frameworks",
				);
				PRODUCT_BUNDLE_IDENTIFIER = com.allwhite.Heritage;
				PRODUCT_NAME = "$(TARGET_NAME)";
				SWIFT_VERSION = 5.0;
				TARGETED_DEVICE_FAMILY = "1,2";
			};
			name = Debug;
		};
		C2DDB62F2304436A00601FDB /* Release */ = {
			isa = XCBuildConfiguration;
			baseConfigurationReference = 9C7D2D8D39833A3D71593794 /* Pods-Heritage.release.xcconfig */;
			buildSettings = {
				ASSETCATALOG_COMPILER_APPICON_NAME = AppIcon;
				CODE_SIGN_STYLE = Automatic;
				INFOPLIST_FILE = Heritage/Info.plist;
				LD_RUNPATH_SEARCH_PATHS = (
					"$(inherited)",
					"@executable_path/Frameworks",
				);
				PRODUCT_BUNDLE_IDENTIFIER = com.allwhite.Heritage;
				PRODUCT_NAME = "$(TARGET_NAME)";
				SWIFT_VERSION = 5.0;
				TARGETED_DEVICE_FAMILY = "1,2";
			};
			name = Release;
		};
/* End XCBuildConfiguration section */

/* Begin XCConfigurationList section */
		C2DDB6162304436900601FDB /* Build configuration list for PBXProject "Heritage" */ = {
			isa = XCConfigurationList;
			buildConfigurations = (
				C2DDB62B2304436A00601FDB /* Debug */,
				C2DDB62C2304436A00601FDB /* Release */,
			);
			defaultConfigurationIsVisible = 0;
			defaultConfigurationName = Release;
		};
		C2DDB62D2304436A00601FDB /* Build configuration list for PBXNativeTarget "Heritage" */ = {
			isa = XCConfigurationList;
			buildConfigurations = (
				C2DDB62E2304436A00601FDB /* Debug */,
				C2DDB62F2304436A00601FDB /* Release */,
			);
			defaultConfigurationIsVisible = 0;
			defaultConfigurationName = Release;
		};
/* End XCConfigurationList section */
	};
	rootObject = C2DDB6132304436900601FDB /* Project object */;
}
